{
    "name": "react-native-emoji-board",
    "version": "1.2.1",
    "lockfileVersion": 2,
    "requires": true,
    "packages": {
        "": {
            "name": "react-native-emoji-board",
            "version": "1.2.1",
            "license": "MIT",
            "dependencies": {
                "emoji-datasource": "^5.0.1",
                "lodash": "^4.17.15",
                "prop-types": "^15.7.2",
                "react-native-scrollable-tab-view": "github:akhan763/react-native-scrollable-tab-view",
                "string.fromcodepoint": "^0.2.1"
            }
        },
        "node_modules/@react-native-community/viewpager": {
            "version": "3.3.0",
            "resolved": "https://registry.npmjs.org/@react-native-community/viewpager/-/viewpager-3.3.0.tgz",
            "integrity": "sha512-tyzh79l4t/hxiyS9QD3LRmWMs8KVkZzjrkQ8U8+8To1wmvVCBtp8BenvNsDLTBO7CpO/YmiThpmIdEZMr1WuVw==",
            "deprecated": "This library is no longer supported. Please use react-native-pager-view instead",
            "peerDependencies": {
                "react": "^16.0",
                "react-native": ">=0.57"
            }
        },
        "node_modules/@react-native/normalize-color": {
            "version": "2.1.0",
            "resolved": "https://registry.npmjs.org/@react-native/normalize-color/-/normalize-color-2.1.0.tgz",
            "integrity": "sha512-Z1jQI2NpdFJCVgpY+8Dq/Bt3d+YUi1928Q+/CZm/oh66fzM0RUl54vvuXlPJKybH4pdCZey1eDTPaLHkMPNgWA=="
        },
        "node_modules/create-react-class": {
            "version": "15.7.0",
            "resolved": "https://registry.npmjs.org/create-react-class/-/create-react-class-15.7.0.tgz",
            "integrity": "sha512-QZv4sFWG9S5RUvkTYWbflxeZX+JG7Cz0Tn33rQBJ+WFQTqTfUTjMjiv9tnfXazjsO5r0KhPs+AqCjyrQX6h2ng==",
            "dependencies": {
                "loose-envify": "^1.3.1",
                "object-assign": "^4.1.1"
            }
        },
        "node_modules/deprecated-react-native-prop-types": {
            "version": "2.3.0",
            "resolved": "https://registry.npmjs.org/deprecated-react-native-prop-types/-/deprecated-react-native-prop-types-2.3.0.tgz",
            "integrity": "sha512-pWD0voFtNYxrVqvBMYf5gq3NA2GCpfodS1yNynTPc93AYA/KEMGeWDqqeUB6R2Z9ZofVhks2aeJXiuQqKNpesA==",
            "dependencies": {
                "@react-native/normalize-color": "*",
                "invariant": "*",
                "prop-types": "*"
            }
        },
        "node_modules/emoji-datasource": {
            "version": "5.0.1",
            "resolved": "https://registry.npmjs.org/emoji-datasource/-/emoji-datasource-5.0.1.tgz",
            "integrity": "sha512-RXokuCv4o8RFLiigN1skAdZwJuJWqtBvcK3GVKpvAL/7BeH95enmKsli7cG8YZ85RTjyEe3+GAdpJJOV43KLKQ=="
        },
        "node_modules/invariant": {
            "version": "2.2.4",
            "resolved": "https://registry.npmjs.org/invariant/-/invariant-2.2.4.tgz",
            "integrity": "sha512-phJfQVBuaJM5raOpJjSfkiD6BpbCE4Ns//LaXl6wGYtUBY83nWS6Rf9tXm2e8VaK60JEjYldbPif/A2B1C2gNA==",
            "dependencies": {
                "loose-envify": "^1.0.0"
            }
        },
        "node_modules/js-tokens": {
            "version": "4.0.0",
            "resolved": "https://registry.npmjs.org/js-tokens/-/js-tokens-4.0.0.tgz",
            "integrity": "sha512-RdJUflcE3cUzKiMqQgsCu06FPu9UdIJO0beYbPhHN4k6apgJtifcoCtT9bcxOpYBtpD2kCM6Sbzg4CausW/PKQ=="
        },
        "node_modules/lodash": {
            "version": "4.17.19",
            "resolved": "https://registry.npmjs.org/lodash/-/lodash-4.17.19.tgz",
            "integrity": "sha512-JNvd8XER9GQX0v2qJgsaN/mzFCNA5BRe/j8JN9d+tWyGLSodKQHKFicdwNYzWwI3wjRnaKPsGj1XkBjx/F96DQ=="
        },
        "node_modules/loose-envify": {
            "version": "1.4.0",
            "resolved": "https://registry.npmjs.org/loose-envify/-/loose-envify-1.4.0.tgz",
            "integrity": "sha512-lyuxPGr/Wfhrlem2CL/UcnUc1zcqKAImBDzukY7Y5F/yQiNdko6+fRLevlw1HgMySw7f611UIY408EtxRSoK3Q==",
            "dependencies": {
                "js-tokens": "^3.0.0 || ^4.0.0"
            },
            "bin": {
                "loose-envify": "cli.js"
            }
        },
        "node_modules/object-assign": {
            "version": "4.1.1",
            "resolved": "https://registry.npmjs.org/object-assign/-/object-assign-4.1.1.tgz",
            "integrity": "sha1-IQmtx5ZYh8/AXLvUQsrIv7s2CGM= sha512-rJgTQnkUnH1sFw8yT6VSU3zD3sWmu6sZhIseY8VX+GRu3P6F7Fu+JNDoXfklElbLJSnc3FUQHVe4cU5hj+BcUg==",
            "engines": {
                "node": ">=0.10.0"
            }
        },
        "node_modules/prop-types": {
            "version": "15.7.2",
            "resolved": "https://registry.npmjs.org/prop-types/-/prop-types-15.7.2.tgz",
            "integrity": "sha512-8QQikdH7//R2vurIJSutZ1smHYTcLpRWEOlHnzcWHmBYrOGUysKwSsrC89BCiFj3CbrfJ/nXFdJepOVrY1GCHQ==",
            "dependencies": {
                "loose-envify": "^1.4.0",
                "object-assign": "^4.1.1",
                "react-is": "^16.8.1"
            }
        },
        "node_modules/react-is": {
            "version": "16.12.0",
            "resolved": "https://registry.npmjs.org/react-is/-/react-is-16.12.0.tgz",
            "integrity": "sha512-rPCkf/mWBtKc97aLL9/txD8DZdemK0vkA3JMLShjlJB3Pj3s+lpf1KaBzMfQrAmhMQB0n1cU/SUGgKKBCe837Q=="
        },
        "node_modules/react-native-scrollable-tab-view": {
            "version": "1.0.0",
            "resolved": "git+ssh://git@github.com/akhan763/react-native-scrollable-tab-view.git#9dfb25ddc47b142e6507b2619679b3d0a42f1109",
            "license": "MIT",
            "dependencies": {
                "@react-native-community/viewpager": "3.3.0",
                "create-react-class": "^15.6.2",
                "deprecated-react-native-prop-types": "^2.3.0",
                "prop-types": "^15.6.0",
                "react-timer-mixin": "^0.13.3"
            },
            "peerDependencies": {
                "react-native": ">=0.20.0"
            }
        },
        "node_modules/react-timer-mixin": {
            "version": "0.13.4",
            "resolved": "https://registry.npmjs.org/react-timer-mixin/-/react-timer-mixin-0.13.4.tgz",
            "integrity": "sha512-4+ow23tp/Tv7hBM5Az5/Be/eKKF7DIvJ09voz5LyHGQaqqz9WV8YMs31eFvcYQs7d451LSg7kDJV70XYN/Ug/Q=="
        },
        "node_modules/string.fromcodepoint": {
            "version": "0.2.1",
            "resolved": "https://registry.npmjs.org/string.fromcodepoint/-/string.fromcodepoint-0.2.1.tgz",
            "integrity": "sha1-jZeDM8C8klOPUPOD5IiPPlYZ1lM= sha512-n69H31OnxSGSZyZbgBlvYIXlrMhJQ0dQAX1js1QDhpaUH6zmU3QYlj07bCwCNlPOu3oRXIubGPl2gDGnHsiCqg=="
        }
    },
    "dependencies": {
        "@react-native-community/viewpager": {
            "version": "3.3.0",
            "resolved": "https://registry.npmjs.org/@react-native-community/viewpager/-/viewpager-3.3.0.tgz",
            "integrity": "sha512-tyzh79l4t/hxiyS9QD3LRmWMs8KVkZzjrkQ8U8+8To1wmvVCBtp8BenvNsDLTBO7CpO/YmiThpmIdEZMr1WuVw=="
        },
        "@react-native/normalize-color": {
            "version": "2.1.0",
            "resolved": "https://registry.npmjs.org/@react-native/normalize-color/-/normalize-color-2.1.0.tgz",
            "integrity": "sha512-Z1jQI2NpdFJCVgpY+8Dq/Bt3d+YUi1928Q+/CZm/oh66fzM0RUl54vvuXlPJKybH4pdCZey1eDTPaLHkMPNgWA=="
        },
        "create-react-class": {
            "version": "15.7.0",
            "resolved": "https://registry.npmjs.org/create-react-class/-/create-react-class-15.7.0.tgz",
            "integrity": "sha512-QZv4sFWG9S5RUvkTYWbflxeZX+JG7Cz0Tn33rQBJ+WFQTqTfUTjMjiv9tnfXazjsO5r0KhPs+AqCjyrQX6h2ng==",
            "requires": {
                "loose-envify": "^1.3.1",
                "object-assign": "^4.1.1"
            }
        },
        "deprecated-react-native-prop-types": {
            "version": "2.3.0",
            "resolved": "https://registry.npmjs.org/deprecated-react-native-prop-types/-/deprecated-react-native-prop-types-2.3.0.tgz",
            "integrity": "sha512-pWD0voFtNYxrVqvBMYf5gq3NA2GCpfodS1yNynTPc93AYA/KEMGeWDqqeUB6R2Z9ZofVhks2aeJXiuQqKNpesA==",
            "requires": {
                "@react-native/normalize-color": "*",
                "invariant": "*",
                "prop-types": "*"
            }
        },
        "emoji-datasource": {
            "version": "5.0.1",
            "resolved": "https://registry.npmjs.org/emoji-datasource/-/emoji-datasource-5.0.1.tgz",
            "integrity": "sha512-RXokuCv4o8RFLiigN1skAdZwJuJWqtBvcK3GVKpvAL/7BeH95enmKsli7cG8YZ85RTjyEe3+GAdpJJOV43KLKQ=="
        },
        "invariant": {
            "version": "2.2.4",
            "resolved": "https://registry.npmjs.org/invariant/-/invariant-2.2.4.tgz",
            "integrity": "sha512-phJfQVBuaJM5raOpJjSfkiD6BpbCE4Ns//LaXl6wGYtUBY83nWS6Rf9tXm2e8VaK60JEjYldbPif/A2B1C2gNA==",
            "requires": {
                "loose-envify": "^1.0.0"
            }
        },
        "js-tokens": {
            "version": "4.0.0",
            "resolved": "https://registry.npmjs.org/js-tokens/-/js-tokens-4.0.0.tgz",
            "integrity": "sha512-RdJUflcE3cUzKiMqQgsCu06FPu9UdIJO0beYbPhHN4k6apgJtifcoCtT9bcxOpYBtpD2kCM6Sbzg4CausW/PKQ=="
        },
        "lodash": {
            "version": "4.17.19",
            "resolved": "https://registry.npmjs.org/lodash/-/lodash-4.17.19.tgz",
            "integrity": "sha512-JNvd8XER9GQX0v2qJgsaN/mzFCNA5BRe/j8JN9d+tWyGLSodKQHKFicdwNYzWwI3wjRnaKPsGj1XkBjx/F96DQ=="
        },
        "loose-envify": {
            "version": "1.4.0",
            "resolved": "https://registry.npmjs.org/loose-envify/-/loose-envify-1.4.0.tgz",
            "integrity": "sha512-lyuxPGr/Wfhrlem2CL/UcnUc1zcqKAImBDzukY7Y5F/yQiNdko6+fRLevlw1HgMySw7f611UIY408EtxRSoK3Q==",
            "requires": {
                "js-tokens": "^3.0.0 || ^4.0.0"
            }
        },
        "object-assign": {
            "version": "4.1.1",
            "resolved": "https://registry.npmjs.org/object-assign/-/object-assign-4.1.1.tgz",
            "integrity": "sha1-IQmtx5ZYh8/AXLvUQsrIv7s2CGM= sha512-rJgTQnkUnH1sFw8yT6VSU3zD3sWmu6sZhIseY8VX+GRu3P6F7Fu+JNDoXfklElbLJSnc3FUQHVe4cU5hj+BcUg=="
        },
        "prop-types": {
            "version": "15.7.2",
            "resolved": "https://registry.npmjs.org/prop-types/-/prop-types-15.7.2.tgz",
            "integrity": "sha512-8QQikdH7//R2vurIJSutZ1smHYTcLpRWEOlHnzcWHmBYrOGUysKwSsrC89BCiFj3CbrfJ/nXFdJepOVrY1GCHQ==",
            "requires": {
                "loose-envify": "^1.4.0",
                "object-assign": "^4.1.1",
                "react-is": "^16.8.1"
            }
        },
        "react-is": {
            "version": "16.12.0",
            "resolved": "https://registry.npmjs.org/react-is/-/react-is-16.12.0.tgz",
            "integrity": "sha512-rPCkf/mWBtKc97aLL9/txD8DZdemK0vkA3JMLShjlJB3Pj3s+lpf1KaBzMfQrAmhMQB0n1cU/SUGgKKBCe837Q=="
        },
        "react-native-scrollable-tab-view": {
            "version": "git+ssh://git@github.com/akhan763/react-native-scrollable-tab-view.git#9dfb25ddc47b142e6507b2619679b3d0a42f1109",
            "from": "react-native-scrollable-tab-view@https://github.com/akhan763/react-native-scrollable-tab-view.git",
            "requires": {
                "@react-native-community/viewpager": "3.3.0",
                "create-react-class": "^15.6.2",
                "deprecated-react-native-prop-types": "^2.3.0",
                "prop-types": "^15.6.0",
                "react-timer-mixin": "^0.13.3"
            }
        },
        "react-timer-mixin": {
            "version": "0.13.4",
            "resolved": "https://registry.npmjs.org/react-timer-mixin/-/react-timer-mixin-0.13.4.tgz",
            "integrity": "sha512-4+ow23tp/Tv7hBM5Az5/Be/eKKF7DIvJ09voz5LyHGQaqqz9WV8YMs31eFvcYQs7d451LSg7kDJV70XYN/Ug/Q=="
        },
        "string.fromcodepoint": {
            "version": "0.2.1",
            "resolved": "https://registry.npmjs.org/string.fromcodepoint/-/string.fromcodepoint-0.2.1.tgz",
            "integrity": "sha1-jZeDM8C8klOPUPOD5IiPPlYZ1lM= sha512-n69H31OnxSGSZyZbgBlvYIXlrMhJQ0dQAX1js1QDhpaUH6zmU3QYlj07bCwCNlPOu3oRXIubGPl2gDGnHsiCqg=="
        }
    }
}
